
Microsoft Visual Studio Solution File, Format Version 12.00
# Visual Studio Version 17
VisualStudioVersion = 17.6.33829.357
MinimumVisualStudioVersion = 10.0.40219.1
Project("{9A19103F-16F7-4668-BE54-9A1E7A4F7556}") = "ECommerce", "ECommerce\ECommerce.csproj", "{CC7C11F6-F962-4CBF-A514-FCA0C6F808E0}"
EndProject
Project("{FAE04EC0-301F-11D3-BF4B-00C04F79EFBC}") = "ECommerce.AccesoDatos", "ECommerce.AccesoDatos\ECommerce.AccesoDatos.csproj", "{729438F1-0393-4813-972A-EC7D7FBBD014}"
EndProject
Project("{FAE04EC0-301F-11D3-BF4B-00C04F79EFBC}") = "ECommerce.Modelos", "ECommerce.Modelos\ECommerce.Modelos.csproj", "{AC9855B3-D33B-4095-A6E7-5D54455C61DF}"
EndProject
Project("{FAE04EC0-301F-11D3-BF4B-00C04F79EFBC}") = "ECommerce.Utilidades", "ECommerce.Utilidades\ECommerce.Utilidades.csproj", "{BBCE7ABA-FB5B-4326-A93F-31EEEC905E8D}"
EndProject
Global
	GlobalSection(SolutionConfigurationPlatforms) = preSolution
		Debug|Any CPU = Debug|Any CPU
		Release|Any CPU = Release|Any CPU
	EndGlobalSection
	GlobalSection(ProjectConfigurationPlatforms) = postSolution
		{CC7C11F6-F962-4CBF-A514-FCA0C6F808E0}.Debug|Any CPU.ActiveCfg = Debug|Any CPU
		{CC7C11F6-F962-4CBF-A514-FCA0C6F808E0}.Debug|Any CPU.Build.0 = Debug|Any CPU
		{CC7C11F6-F962-4CBF-A514-FCA0C6F808E0}.Release|Any CPU.ActiveCfg = Release|Any CPU
		{CC7C11F6-F962-4CBF-A514-FCA0C6F808E0}.Release|Any CPU.Build.0 = Release|Any CPU
		{729438F1-0393-4813-972A-EC7D7FBBD014}.Debug|Any CPU.ActiveCfg = Debug|Any CPU
		{729438F1-0393-4813-972A-EC7D7FBBD014}.Debug|Any CPU.Build.0 = Debug|Any CPU
		{729438F1-0393-4813-972A-EC7D7FBBD014}.Release|Any CPU.ActiveCfg = Release|Any CPU
		{729438F1-0393-4813-972A-EC7D7FBBD014}.Release|Any CPU.Build.0 = Release|Any CPU
		{AC9855B3-D33B-4095-A6E7-5D54455C61DF}.Debug|Any CPU.ActiveCfg = Debug|Any CPU
		{AC9855B3-D33B-4095-A6E7-5D54455C61DF}.Debug|Any CPU.Build.0 = Debug|Any CPU
		{AC9855B3-D33B-4095-A6E7-5D54455C61DF}.Release|Any CPU.ActiveCfg = Release|Any CPU
		{AC9855B3-D33B-4095-A6E7-5D54455C61DF}.Release|Any CPU.Build.0 = Release|Any CPU
		{BBCE7ABA-FB5B-4326-A93F-31EEEC905E8D}.Debug|Any CPU.ActiveCfg = Debug|Any CPU
		{BBCE7ABA-FB5B-4326-A93F-31EEEC905E8D}.Debug|Any CPU.Build.0 = Debug|Any CPU
		{BBCE7ABA-FB5B-4326-A93F-31EEEC905E8D}.Release|Any CPU.ActiveCfg = Release|Any CPU
		{BBCE7ABA-FB5B-4326-A93F-31EEEC905E8D}.Release|Any CPU.Build.0 = Release|Any CPU
	EndGlobalSection
	GlobalSection(SolutionProperties) = preSolution
		HideSolutionNode = FALSE
	EndGlobalSection
	GlobalSection(ExtensibilityGlobals) = postSolution
		SolutionGuid = {0CF308BC-6CF8-49CF-85A1-836242C3014A}
	EndGlobalSection
EndGlobal
